// !$*UTF8*$!
{
	archiveVersion = 1;
	classes = {
	};
	objectVersion = 50;
	objects = {

/* Begin PBXBuildFile section */
		6351DE1F227740D000C26EA1 /* AppDelegate.swift in Sources */ = {isa = PBXBuildFile; fileRef = 6351DE1E227740D000C26EA1 /* AppDelegate.swift */; };
		6351DE24227740D000C26EA1 /* Main.storyboard in Resources */ = {isa = PBXBuildFile; fileRef = 6351DE22227740D000C26EA1 /* Main.storyboard */; };
		6351DE26227740D600C26EA1 /* Assets.xcassets in Resources */ = {isa = PBXBuildFile; fileRef = 6351DE25227740D600C26EA1 /* Assets.xcassets */; };
		6351DE29227740D600C26EA1 /* LaunchScreen.storyboard in Resources */ = {isa = PBXBuildFile; fileRef = 6351DE27227740D600C26EA1 /* LaunchScreen.storyboard */; };
		6351DE36227746E100C26EA1 /* TaskListTableViewController.swift in Sources */ = {isa = PBXBuildFile; fileRef = 6351DE35227746E100C26EA1 /* TaskListTableViewController.swift */; };
		6351DE38227746F800C26EA1 /* TaskDetailTableViewController.swift in Sources */ = {isa = PBXBuildFile; fileRef = 6351DE37227746F800C26EA1 /* TaskDetailTableViewController.swift */; };
		6351DE3A22774B4C00C26EA1 /* CoreDataStack.swift in Sources */ = {isa = PBXBuildFile; fileRef = 6351DE3922774B4C00C26EA1 /* CoreDataStack.swift */; };
		6351DE3D2277564B00C26EA1 /* Task.xcdatamodeld in Sources */ = {isa = PBXBuildFile; fileRef = 6351DE3B2277564B00C26EA1 /* Task.xcdatamodeld */; };
		6351DE3F227757AE00C26EA1 /* Task+Convenience.swift in Sources */ = {isa = PBXBuildFile; fileRef = 6351DE3E227757AE00C26EA1 /* Task+Convenience.swift */; };
		6351DE4122775A3E00C26EA1 /* TaskController.swift in Sources */ = {isa = PBXBuildFile; fileRef = 6351DE4022775A3E00C26EA1 /* TaskController.swift */; };
		6351DE442277705200C26EA1 /* DateHelpers.swift in Sources */ = {isa = PBXBuildFile; fileRef = 6351DE432277705200C26EA1 /* DateHelpers.swift */; };
		6351DE4622777F7700C26EA1 /* ButtonTableViewCell.swift in Sources */ = {isa = PBXBuildFile; fileRef = 6351DE4522777F7700C26EA1 /* ButtonTableViewCell.swift */; };
/* End PBXBuildFile section */

/* Begin PBXFileReference section */
		6351DE1B227740D000C26EA1 /* Task.app */ = {isa = PBXFileReference; explicitFileType = wrapper.application; includeInIndex = 0; path = Task.app; sourceTree = BUILT_PRODUCTS_DIR; };
		6351DE1E227740D000C26EA1 /* AppDelegate.swift */ = {isa = PBXFileReference; lastKnownFileType = sourcecode.swift; path = AppDelegate.swift; sourceTree = "<group>"; };
		6351DE23227740D000C26EA1 /* Base */ = {isa = PBXFileReference; lastKnownFileType = file.storyboard; name = Base; path = Base.lproj/Main.storyboard; sourceTree = "<group>"; };
		6351DE25227740D600C26EA1 /* Assets.xcassets */ = {isa = PBXFileReference; lastKnownFileType = folder.assetcatalog; path = Assets.xcassets; sourceTree = "<group>"; };
		6351DE28227740D600C26EA1 /* Base */ = {isa = PBXFileReference; lastKnownFileType = file.storyboard; name = Base; path = Base.lproj/LaunchScreen.storyboard; sourceTree = "<group>"; };
		6351DE2A227740D600C26EA1 /* Info.plist */ = {isa = PBXFileReference; lastKnownFileType = text.plist.xml; path = Info.plist; sourceTree = "<group>"; };
		6351DE35227746E100C26EA1 /* TaskListTableViewController.swift */ = {isa = PBXFileReference; lastKnownFileType = sourcecode.swift; path = TaskListTableViewController.swift; sourceTree = "<group>"; };
		6351DE37227746F800C26EA1 /* TaskDetailTableViewController.swift */ = {isa = PBXFileReference; lastKnownFileType = sourcecode.swift; path = TaskDetailTableViewController.swift; sourceTree = "<group>"; };
		6351DE3922774B4C00C26EA1 /* CoreDataStack.swift */ = {isa = PBXFileReference; lastKnownFileType = sourcecode.swift; path = CoreDataStack.swift; sourceTree = "<group>"; };
		6351DE3C2277564B00C26EA1 /* Task.xcdatamodel */ = {isa = PBXFileReference; lastKnownFileType = wrapper.xcdatamodel; path = Task.xcdatamodel; sourceTree = "<group>"; };
		6351DE3E227757AE00C26EA1 /* Task+Convenience.swift */ = {isa = PBXFileReference; lastKnownFileType = sourcecode.swift; path = "Task+Convenience.swift"; sourceTree = "<group>"; };
		6351DE4022775A3E00C26EA1 /* TaskController.swift */ = {isa = PBXFileReference; lastKnownFileType = sourcecode.swift; path = TaskController.swift; sourceTree = "<group>"; };
		6351DE432277705200C26EA1 /* DateHelpers.swift */ = {isa = PBXFileReference; lastKnownFileType = sourcecode.swift; path = DateHelpers.swift; sourceTree = "<group>"; };
		6351DE4522777F7700C26EA1 /* ButtonTableViewCell.swift */ = {isa = PBXFileReference; lastKnownFileType = sourcecode.swift; path = ButtonTableViewCell.swift; sourceTree = "<group>"; };
/* End PBXFileReference section */

/* Begin PBXFrameworksBuildPhase section */
		6351DE18227740D000C26EA1 /* Frameworks */ = {
			isa = PBXFrameworksBuildPhase;
			buildActionMask = 2147483647;
			files = (
			);
			runOnlyForDeploymentPostprocessing = 0;
		};
/* End PBXFrameworksBuildPhase section */

/* Begin PBXGroup section */
		6351DE12227740CF00C26EA1 = {
			isa = PBXGroup;
			children = (
				6351DE1D227740D000C26EA1 /* Task */,
				6351DE1C227740D000C26EA1 /* Products */,
			);
			sourceTree = "<group>";
		};
		6351DE1C227740D000C26EA1 /* Products */ = {
			isa = PBXGroup;
			children = (
				6351DE1B227740D000C26EA1 /* Task.app */,
			);
			name = Products;
			sourceTree = "<group>";
		};
		6351DE1D227740D000C26EA1 /* Task */ = {
			isa = PBXGroup;
			children = (
				6351DE422277701B00C26EA1 /* Helper Files */,
				6351DE34227742D300C26EA1 /* Resources */,
				6351DE33227742CA00C26EA1 /* View Controllers */,
				6351DE32227742B400C26EA1 /* Model Controllers */,
				6351DE31227742B000C26EA1 /* CoreData */,
				6351DE30227742A900C26EA1 /* Views */,
				6351DE2A227740D600C26EA1 /* Info.plist */,
			);
			path = Task;
			sourceTree = "<group>";
		};
		6351DE30227742A900C26EA1 /* Views */ = {
			isa = PBXGroup;
			children = (
				6351DE22227740D000C26EA1 /* Main.storyboard */,
				6351DE4522777F7700C26EA1 /* ButtonTableViewCell.swift */,
			);
			path = Views;
			sourceTree = "<group>";
		};
		6351DE31227742B000C26EA1 /* CoreData */ = {
			isa = PBXGroup;
			children = (
				6351DE3922774B4C00C26EA1 /* CoreDataStack.swift */,
				6351DE3B2277564B00C26EA1 /* Task.xcdatamodeld */,
				6351DE3E227757AE00C26EA1 /* Task+Convenience.swift */,
			);
			path = CoreData;
			sourceTree = "<group>";
		};
		6351DE32227742B400C26EA1 /* Model Controllers */ = {
			isa = PBXGroup;
			children = (
				6351DE4022775A3E00C26EA1 /* TaskController.swift */,
			);
			path = "Model Controllers";
			sourceTree = "<group>";
		};
		6351DE33227742CA00C26EA1 /* View Controllers */ = {
			isa = PBXGroup;
			children = (
				6351DE35227746E100C26EA1 /* TaskListTableViewController.swift */,
				6351DE37227746F800C26EA1 /* TaskDetailTableViewController.swift */,
			);
			path = "View Controllers";
			sourceTree = "<group>";
		};
		6351DE34227742D300C26EA1 /* Resources */ = {
			isa = PBXGroup;
			children = (
				6351DE27227740D600C26EA1 /* LaunchScreen.storyboard */,
				6351DE1E227740D000C26EA1 /* AppDelegate.swift */,
				6351DE25227740D600C26EA1 /* Assets.xcassets */,
			);
			path = Resources;
			sourceTree = "<group>";
		};
		6351DE422277701B00C26EA1 /* Helper Files */ = {
			isa = PBXGroup;
			children = (
				6351DE432277705200C26EA1 /* DateHelpers.swift */,
			);
			path = "Helper Files";
			sourceTree = "<group>";
		};
/* End PBXGroup section */

/* Begin PBXNativeTarget section */
		6351DE1A227740D000C26EA1 /* Task */ = {
			isa = PBXNativeTarget;
			buildConfigurationList = 6351DE2D227740D600C26EA1 /* Build configuration list for PBXNativeTarget "Task" */;
			buildPhases = (
				6351DE17227740D000C26EA1 /* Sources */,
				6351DE18227740D000C26EA1 /* Frameworks */,
				6351DE19227740D000C26EA1 /* Resources */,
			);
			buildRules = (
			);
			dependencies = (
			);
			name = Task;
			productName = Task;
			productReference = 6351DE1B227740D000C26EA1 /* Task.app */;
			productType = "com.apple.product-type.application";
		};
/* End PBXNativeTarget section */

/* Begin PBXProject section */
		6351DE13227740CF00C26EA1 /* Project object */ = {
			isa = PBXProject;
			attributes = {
				LastSwiftUpdateCheck = 1020;
				LastUpgradeCheck = 1020;
				ORGANIZATIONNAME = "David Sadler";
				TargetAttributes = {
					6351DE1A227740D000C26EA1 = {
						CreatedOnToolsVersion = 10.2;
					};
				};
			};
			buildConfigurationList = 6351DE16227740CF00C26EA1 /* Build configuration list for PBXProject "Task" */;
			compatibilityVersion = "Xcode 9.3";
			developmentRegion = en;
			hasScannedForEncodings = 0;
			knownRegions = (
				en,
				Base,
			);
			mainGroup = 6351DE12227740CF00C26EA1;
			productRefGroup = 6351DE1C227740D000C26EA1 /* Products */;
			projectDirPath = "";
			projectRoot = "";
			targets = (
				6351DE1A227740D000C26EA1 /* Task */,
			);
		};
/* End PBXProject section */

/* Begin PBXResourcesBuildPhase section */
		6351DE19227740D000C26EA1 /* Resources */ = {
			isa = PBXResourcesBuildPhase;
			buildActionMask = 2147483647;
			files = (
				6351DE29227740D600C26EA1 /* LaunchScreen.storyboard in Resources */,
				6351DE26227740D600C26EA1 /* Assets.xcassets in Resources */,
				6351DE24227740D000C26EA1 /* Main.storyboard in Resources */,
			);
			runOnlyForDeploymentPostprocessing = 0;
		};
/* End PBXResourcesBuildPhase section */

/* Begin PBXSourcesBuildPhase section */
		6351DE17227740D000C26EA1 /* Sources */ = {
			isa = PBXSourcesBuildPhase;
			buildActionMask = 2147483647;
			files = (
				6351DE4122775A3E00C26EA1 /* TaskController.swift in Sources */,
				6351DE36227746E100C26EA1 /* TaskListTableViewController.swift in Sources */,
				6351DE4622777F7700C26EA1 /* ButtonTableViewCell.swift in Sources */,
				6351DE1F227740D000C26EA1 /* AppDelegate.swift in Sources */,
				6351DE3F227757AE00C26EA1 /* Task+Convenience.swift in Sources */,
				6351DE38227746F800C26EA1 /* TaskDetailTableViewController.swift in Sources */,
				6351DE442277705200C26EA1 /* DateHelpers.swift in Sources */,
				6351DE3D2277564B00C26EA1 /* Task.xcdatamodeld in Sources */,
				6351DE3A22774B4C00C26EA1 /* CoreDataStack.swift in Sources */,
			);
			runOnlyForDeploymentPostprocessing = 0;
		};
/* End PBXSourcesBuildPhase section */

/* Begin PBXVariantGroup section */
		6351DE22227740D000C26EA1 /* Main.storyboard */ = {
			isa = PBXVariantGroup;
			children = (
				6351DE23227740D000C26EA1 /* Base */,
			);
			name = Main.storyboard;
			sourceTree = "<group>";
		};
		6351DE27227740D600C26EA1 /* LaunchScreen.storyboard */ = {
			isa = PBXVariantGroup;
			children = (
				6351DE28227740D600C26EA1 /* Base */,
			);
			name = LaunchScreen.storyboard;
			sourceTree = "<group>";
		};
/* End PBXVariantGroup section */

/* Begin XCBuildConfiguration section */
		6351DE2B227740D600C26EA1 /* Debug */ = {
			isa = XCBuildConfiguration;
			buildSettings = {
				ALWAYS_SEARCH_USER_PATHS = NO;
				CLANG_ANALYZER_NONNULL = YES;
				CLANG_ANALYZER_NUMBER_OBJECT_CONVERSION = YES_AGGRESSIVE;
				CLANG_CXX_LANGUAGE_STANDARD = "gnu++14";
				CLANG_CXX_LIBRARY = "libc++";
				CLANG_ENABLE_MODULES = YES;
				CLANG_ENABLE_OBJC_ARC = YES;
				CLANG_ENABLE_OBJC_WEAK = YES;
				CLANG_WARN_BLOCK_CAPTURE_AUTORELEASING = YES;
				CLANG_WARN_BOOL_CONVERSION = YES;
				CLANG_WARN_COMMA = YES;
				CLANG_WARN_CONSTANT_CONVERSION = YES;
				CLANG_WARN_DEPRECATED_OBJC_IMPLEMENTATIONS = YES;
				CLANG_WARN_DIRECT_OBJC_ISA_USAGE = YES_ERROR;
				CLANG_WARN_DOCUMENTATION_COMMENTS = YES;
				CLANG_WARN_EMPTY_BODY = YES;
				CLANG_WARN_ENUM_CONVERSION = YES;
				CLANG_WARN_INFINITE_RECURSION = YES;
				CLANG_WARN_INT_CONVERSION = YES;
				CLANG_WARN_NON_LITERAL_NULL_CONVERSION = YES;
				CLANG_WARN_OBJC_IMPLICIT_RETAIN_SELF = YES;
				CLANG_WARN_OBJC_LITERAL_CONVERSION = YES;
				CLANG_WARN_OBJC_ROOT_CLASS = YES_ERROR;
				CLANG_WARN_RANGE_LOOP_ANALYSIS = YES;
				CLANG_WARN_STRICT_PROTOTYPES = YES;
				CLANG_WARN_SUSPICIOUS_MOVE = YES;
				CLANG_WARN_UNGUARDED_AVAILABILITY = YES_AGGRESSIVE;
				CLANG_WARN_UNREACHABLE_CODE = YES;
				CLANG_WARN__DUPLICATE_METHOD_MATCH = YES;
				CODE_SIGN_IDENTITY = "iPhone Developer";
				COPY_PHASE_STRIP = NO;
				DEBUG_INFORMATION_FORMAT = dwarf;
				ENABLE_STRICT_OBJC_MSGSEND = YES;
				ENABLE_TESTABILITY = YES;
				GCC_C_LANGUAGE_STANDARD = gnu11;
				GCC_DYNAMIC_NO_PIC = NO;
				GCC_NO_COMMON_BLOCKS = YES;
				GCC_OPTIMIZATION_LEVEL = 0;
				GCC_PREPROCESSOR_DEFINITIONS = (
					"DEBUG=1",
					"$(inherited)",
				);
				GCC_WARN_64_TO_32_BIT_CONVERSION = YES;
				GCC_WARN_ABOUT_RETURN_TYPE = YES_ERROR;
				GCC_WARN_UNDECLARED_SELECTOR = YES;
				GCC_WARN_UNINITIALIZED_AUTOS = YES_AGGRESSIVE;
				GCC_WARN_UNUSED_FUNCTION = YES;
				GCC_WARN_UNUSED_VARIABLE = YES;
				IPHONEOS_DEPLOYMENT_TARGET = 12.2;
				MTL_ENABLE_DEBUG_INFO = INCLUDE_SOURCE;
				MTL_FAST_MATH = YES;
				ONLY_ACTIVE_ARCH = YES;
				SDKROOT = iphoneos;
				SWIFT_ACTIVE_COMPILATION_CONDITIONS = DEBUG;
				SWIFT_OPTIMIZATION_LEVEL = "-Onone";
			};
			name = Debug;
		};
		6351DE2C227740D600C26EA1 /* Release */ = {
			isa = XCBuildConfiguration;
			buildSettings = {
				ALWAYS_SEARCH_USER_PATHS = NO;
				CLANG_ANALYZER_NONNULL = YES;
				CLANG_ANALYZER_NUMBER_OBJECT_CONVERSION = YES_AGGRESSIVE;
				CLANG_CXX_LANGUAGE_STANDARD = "gnu++14";
				CLANG_CXX_LIBRARY = "libc++";
				CLANG_ENABLE_MODULES = YES;
				CLANG_ENABLE_OBJC_ARC = YES;
				CLANG_ENABLE_OBJC_WEAK = YES;
				CLANG_WARN_BLOCK_CAPTURE_AUTORELEASING = YES;
				CLANG_WARN_BOOL_CONVERSION = YES;
				CLANG_WARN_COMMA = YES;
				CLANG_WARN_CONSTANT_CONVERSION = YES;
				CLANG_WARN_DEPRECATED_OBJC_IMPLEMENTATIONS = YES;
				CLANG_WARN_DIRECT_OBJC_ISA_USAGE = YES_ERROR;
				CLANG_WARN_DOCUMENTATION_COMMENTS = YES;
				CLANG_WARN_EMPTY_BODY = YES;
				CLANG_WARN_ENUM_CONVERSION = YES;
				CLANG_WARN_INFINITE_RECURSION = YES;
				CLANG_WARN_INT_CONVERSION = YES;
				CLANG_WARN_NON_LITERAL_NULL_CONVERSION = YES;
				CLANG_WARN_OBJC_IMPLICIT_RETAIN_SELF = YES;
				CLANG_WARN_OBJC_LITERAL_CONVERSION = YES;
				CLANG_WARN_OBJC_ROOT_CLASS = YES_ERROR;
				CLANG_WARN_RANGE_LOOP_ANALYSIS = YES;
				CLANG_WARN_STRICT_PROTOTYPES = YES;
				CLANG_WARN_SUSPICIOUS_MOVE = YES;
				CLANG_WARN_UNGUARDED_AVAILABILITY = YES_AGGRESSIVE;
				CLANG_WARN_UNREACHABLE_CODE = YES;
				CLANG_WARN__DUPLICATE_METHOD_MATCH = YES;
				CODE_SIGN_IDENTITY = "iPhone Developer";
				COPY_PHASE_STRIP = NO;
				DEBUG_INFORMATION_FORMAT = "dwarf-with-dsym";
				ENABLE_NS_ASSERTIONS = NO;
				ENABLE_STRICT_OBJC_MSGSEND = YES;
				GCC_C_LANGUAGE_STANDARD = gnu11;
				GCC_NO_COMMON_BLOCKS = YES;
				GCC_WARN_64_TO_32_BIT_CONVERSION = YES;
				GCC_WARN_ABOUT_RETURN_TYPE = YES_ERROR;
				GCC_WARN_UNDECLARED_SELECTOR = YES;
				GCC_WARN_UNINITIALIZED_AUTOS = YES_AGGRESSIVE;
				GCC_WARN_UNUSED_FUNCTION = YES;
				GCC_WARN_UNUSED_VARIABLE = YES;
				IPHONEOS_DEPLOYMENT_TARGET = 12.2;
				MTL_ENABLE_DEBUG_INFO = NO;
				MTL_FAST_MATH = YES;
				SDKROOT = iphoneos;
				SWIFT_COMPILATION_MODE = wholemodule;
				SWIFT_OPTIMIZATION_LEVEL = "-O";
				VALIDATE_PRODUCT = YES;
			};
			name = Release;
		};
		6351DE2E227740D600C26EA1 /* Debug */ = {
			isa = XCBuildConfiguration;
			buildSettings = {
				ASSETCATALOG_COMPILER_APPICON_NAME = AppIcon;
				CODE_SIGN_STYLE = Automatic;
				DEVELOPMENT_TEAM = T45AFREN35;
				INFOPLIST_FILE = Task/Info.plist;
				LD_RUNPATH_SEARCH_PATHS = (
					"$(inherited)",
					"@executable_path/Frameworks",
				);
				PRODUCT_BUNDLE_IDENTIFIER = "David-Sadler.Task";
				PRODUCT_NAME = "$(TARGET_NAME)";
				SWIFT_VERSION = 5.0;
				TARGETED_DEVICE_FAMILY = "1,2";
			};
			name = Debug;
		};
		6351DE2F227740D600C26EA1 /* Release */ = {
			isa = XCBuildConfiguration;
			buildSettings = {
				ASSETCATALOG_COMPILER_APPICON_NAME = AppIcon;
				CODE_SIGN_STYLE = Automatic;
				DEVELOPMENT_TEAM = T45AFREN35;
				INFOPLIST_FILE = Task/Info.plist;
				LD_RUNPATH_SEARCH_PATHS = (
					"$(inherited)",
					"@executable_path/Frameworks",
				);
				PRODUCT_BUNDLE_IDENTIFIER = "David-Sadler.Task";
				PRODUCT_NAME = "$(TARGET_NAME)";
				SWIFT_VERSION = 5.0;
				TARGETED_DEVICE_FAMILY = "1,2";
			};
			name = Release;
		};
/* End XCBuildConfiguration section */

/* Begin XCConfigurationList section */
		6351DE16227740CF00C26EA1 /* Build configuration list for PBXProject "Task" */ = {
			isa = XCConfigurationList;
			buildConfigurations = (
				6351DE2B227740D600C26EA1 /* Debug */,
				6351DE2C227740D600C26EA1 /* Release */,
			);
			defaultConfigurationIsVisible = 0;
			defaultConfigurationName = Release;
		};
		6351DE2D227740D600C26EA1 /* Build configuration list for PBXNativeTarget "Task" */ = {
			isa = XCConfigurationList;
			buildConfigurations = (
				6351DE2E227740D600C26EA1 /* Debug */,
				6351DE2F227740D600C26EA1 /* Release */,
			);
			defaultConfigurationIsVisible = 0;
			defaultConfigurationName = Release;
		};
/* End XCConfigurationList section */

/* Begin XCVersionGroup section */
		6351DE3B2277564B00C26EA1 /* Task.xcdatamodeld */ = {
			isa = XCVersionGroup;
			children = (
				6351DE3C2277564B00C26EA1 /* Task.xcdatamodel */,
			);
			currentVersion = 6351DE3C2277564B00C26EA1 /* Task.xcdatamodel */;
			path = Task.xcdatamodeld;
			sourceTree = "<group>";
			versionGroupType = wrapper.xcdatamodel;
		};
/* End XCVersionGroup section */
	};
	rootObject = 6351DE13227740CF00C26EA1 /* Project object */;
}
